// !$*UTF8*$!
{
	archiveVersion = 1;
	classes = {
	};
	objectVersion = 56;
	objects = {

/* Begin PBXBuildFile section */
		548C7E4A2AE80A4F001F4399 /* RecordingFunc.swift in Sources */ = {isa = PBXBuildFile; fileRef = 548C7E492AE80A4F001F4399 /* RecordingFunc.swift */; };
		548DB7812AE9B55A001BB0FD /* RecordButtonAnimation.swift in Sources */ = {isa = PBXBuildFile; fileRef = 548DB7802AE9B55A001BB0FD /* RecordButtonAnimation.swift */; };
		7F0F22872AED98940049EADD /* SettingsView.swift in Sources */ = {isa = PBXBuildFile; fileRef = 7F0F22862AED98940049EADD /* SettingsView.swift */; };
		7F3EC4372AE867E70057FA2B /* EditMusicView.swift in Sources */ = {isa = PBXBuildFile; fileRef = 7F3EC4362AE867E70057FA2B /* EditMusicView.swift */; };
		7F5597D92AE2D3E600797537 /* TabBarView.swift in Sources */ = {isa = PBXBuildFile; fileRef = 7F5597D82AE2D3E600797537 /* TabBarView.swift */; };
		7F5597DF2AE2D7DA00797537 /* LibraryView.swift in Sources */ = {isa = PBXBuildFile; fileRef = 7F5597DE2AE2D7DA00797537 /* LibraryView.swift */; };
		7FDF6ED12AE2B9BD008204F0 /* ModalView.swift in Sources */ = {isa = PBXBuildFile; fileRef = 7FDF6ECB2AE2B9BD008204F0 /* ModalView.swift */; };
		7FDF6ED22AE2B9BD008204F0 /* EditSoundView.swift in Sources */ = {isa = PBXBuildFile; fileRef = 7FDF6ECC2AE2B9BD008204F0 /* EditSoundView.swift */; };
		7FDF6ED32AE2B9BD008204F0 /* PopUpBar.swift in Sources */ = {isa = PBXBuildFile; fileRef = 7FDF6ECD2AE2B9BD008204F0 /* PopUpBar.swift */; };
		7FDF6ED42AE2B9BD008204F0 /* Data.swift in Sources */ = {isa = PBXBuildFile; fileRef = 7FDF6ECE2AE2B9BD008204F0 /* Data.swift */; };
		7FDF6ED52AE2B9BD008204F0 /* Model.swift in Sources */ = {isa = PBXBuildFile; fileRef = 7FDF6ECF2AE2B9BD008204F0 /* Model.swift */; };
		7FDF6ED62AE2B9BD008204F0 /* MixingView.swift in Sources */ = {isa = PBXBuildFile; fileRef = 7FDF6ED02AE2B9BD008204F0 /* MixingView.swift */; };
		7FFFD32C2AE2AEE30016C09D /* MorphApp.swift in Sources */ = {isa = PBXBuildFile; fileRef = 7FFFD32B2AE2AEE30016C09D /* MorphApp.swift */; };
		7FFFD3302AE2AEE40016C09D /* Assets.xcassets in Resources */ = {isa = PBXBuildFile; fileRef = 7FFFD32F2AE2AEE40016C09D /* Assets.xcassets */; };
		7FFFD3342AE2AEE40016C09D /* Preview Assets.xcassets in Resources */ = {isa = PBXBuildFile; fileRef = 7FFFD3332AE2AEE40016C09D /* Preview Assets.xcassets */; };
/* End PBXBuildFile section */

/* Begin PBXFileReference section */
		548C7E492AE80A4F001F4399 /* RecordingFunc.swift */ = {isa = PBXFileReference; lastKnownFileType = sourcecode.swift; path = RecordingFunc.swift; sourceTree = "<group>"; };
		548DB7802AE9B55A001BB0FD /* RecordButtonAnimation.swift */ = {isa = PBXFileReference; lastKnownFileType = sourcecode.swift; path = RecordButtonAnimation.swift; sourceTree = "<group>"; };
		7F0F22862AED98940049EADD /* SettingsView.swift */ = {isa = PBXFileReference; lastKnownFileType = sourcecode.swift; path = SettingsView.swift; sourceTree = "<group>"; };
		7F3EC4362AE867E70057FA2B /* EditMusicView.swift */ = {isa = PBXFileReference; lastKnownFileType = sourcecode.swift; path = EditMusicView.swift; sourceTree = "<group>"; };
		7F5597D82AE2D3E600797537 /* TabBarView.swift */ = {isa = PBXFileReference; lastKnownFileType = sourcecode.swift; path = TabBarView.swift; sourceTree = "<group>"; };
		7F5597DE2AE2D7DA00797537 /* LibraryView.swift */ = {isa = PBXFileReference; lastKnownFileType = sourcecode.swift; path = LibraryView.swift; sourceTree = "<group>"; };
		7FDF6ECB2AE2B9BD008204F0 /* ModalView.swift */ = {isa = PBXFileReference; fileEncoding = 4; lastKnownFileType = sourcecode.swift; path = ModalView.swift; sourceTree = "<group>"; };
		7FDF6ECC2AE2B9BD008204F0 /* EditSoundView.swift */ = {isa = PBXFileReference; fileEncoding = 4; lastKnownFileType = sourcecode.swift; path = EditSoundView.swift; sourceTree = "<group>"; };
		7FDF6ECD2AE2B9BD008204F0 /* PopUpBar.swift */ = {isa = PBXFileReference; fileEncoding = 4; lastKnownFileType = sourcecode.swift; path = PopUpBar.swift; sourceTree = "<group>"; };
		7FDF6ECE2AE2B9BD008204F0 /* Data.swift */ = {isa = PBXFileReference; fileEncoding = 4; lastKnownFileType = sourcecode.swift; path = Data.swift; sourceTree = "<group>"; };
		7FDF6ECF2AE2B9BD008204F0 /* Model.swift */ = {isa = PBXFileReference; fileEncoding = 4; lastKnownFileType = sourcecode.swift; path = Model.swift; sourceTree = "<group>"; };
		7FDF6ED02AE2B9BD008204F0 /* MixingView.swift */ = {isa = PBXFileReference; fileEncoding = 4; lastKnownFileType = sourcecode.swift; path = MixingView.swift; sourceTree = "<group>"; };
		7FFFD3282AE2AEE30016C09D /* Morph.app */ = {isa = PBXFileReference; explicitFileType = wrapper.application; includeInIndex = 0; path = Morph.app; sourceTree = BUILT_PRODUCTS_DIR; };
		7FFFD32B2AE2AEE30016C09D /* MorphApp.swift */ = {isa = PBXFileReference; lastKnownFileType = sourcecode.swift; path = MorphApp.swift; sourceTree = "<group>"; };
		7FFFD32F2AE2AEE40016C09D /* Assets.xcassets */ = {isa = PBXFileReference; lastKnownFileType = folder.assetcatalog; path = Assets.xcassets; sourceTree = "<group>"; };
		7FFFD3312AE2AEE40016C09D /* Morph.entitlements */ = {isa = PBXFileReference; lastKnownFileType = text.plist.entitlements; path = Morph.entitlements; sourceTree = "<group>"; };
		7FFFD3332AE2AEE40016C09D /* Preview Assets.xcassets */ = {isa = PBXFileReference; lastKnownFileType = folder.assetcatalog; path = "Preview Assets.xcassets"; sourceTree = "<group>"; };
/* End PBXFileReference section */

/* Begin PBXFrameworksBuildPhase section */
		7FFFD3252AE2AEE30016C09D /* Frameworks */ = {
			isa = PBXFrameworksBuildPhase;
			buildActionMask = 2147483647;
			files = (
			);
			runOnlyForDeploymentPostprocessing = 0;
		};
/* End PBXFrameworksBuildPhase section */

/* Begin PBXGroup section */
		7FFFD31F2AE2AEE30016C09D = {
			isa = PBXGroup;
			children = (
				7FFFD32A2AE2AEE30016C09D /* Morph */,
				7FFFD3292AE2AEE30016C09D /* Products */,
			);
			sourceTree = "<group>";
		};
		7FFFD3292AE2AEE30016C09D /* Products */ = {
			isa = PBXGroup;
			children = (
				7FFFD3282AE2AEE30016C09D /* Morph.app */,
			);
			name = Products;
			sourceTree = "<group>";
		};
		7FFFD32A2AE2AEE30016C09D /* Morph */ = {
			isa = PBXGroup;
			children = (
				7FDF6ECE2AE2B9BD008204F0 /* Data.swift */,
				7F0F22862AED98940049EADD /* SettingsView.swift */,
				7FDF6ED02AE2B9BD008204F0 /* MixingView.swift */,
				548C7E492AE80A4F001F4399 /* RecordingFunc.swift */,
				7FDF6ECB2AE2B9BD008204F0 /* ModalView.swift */,
				7FDF6ECF2AE2B9BD008204F0 /* Model.swift */,
				7FDF6ECC2AE2B9BD008204F0 /* EditSoundView.swift */,
				7F3EC4362AE867E70057FA2B /* EditMusicView.swift */,
				7FDF6ECD2AE2B9BD008204F0 /* PopUpBar.swift */,
				7FFFD32B2AE2AEE30016C09D /* MorphApp.swift */,
				7F5597DE2AE2D7DA00797537 /* LibraryView.swift */,
				7F5597D82AE2D3E600797537 /* TabBarView.swift */,
				548DB7802AE9B55A001BB0FD /* RecordButtonAnimation.swift */,
				7FFFD32F2AE2AEE40016C09D /* Assets.xcassets */,
				7FFFD3312AE2AEE40016C09D /* Morph.entitlements */,
				7FFFD3322AE2AEE40016C09D /* Preview Content */,
			);
			path = Morph;
			sourceTree = "<group>";
		};
		7FFFD3322AE2AEE40016C09D /* Preview Content */ = {
			isa = PBXGroup;
			children = (
				7FFFD3332AE2AEE40016C09D /* Preview Assets.xcassets */,
			);
			path = "Preview Content";
			sourceTree = "<group>";
		};
/* End PBXGroup section */

/* Begin PBXNativeTarget section */
		7FFFD3272AE2AEE30016C09D /* Morph */ = {
			isa = PBXNativeTarget;
			buildConfigurationList = 7FFFD3372AE2AEE40016C09D /* Build configuration list for PBXNativeTarget "Morph" */;
			buildPhases = (
				7FFFD3242AE2AEE30016C09D /* Sources */,
				7FFFD3252AE2AEE30016C09D /* Frameworks */,
				7FFFD3262AE2AEE30016C09D /* Resources */,
			);
			buildRules = (
			);
			dependencies = (
			);
			name = Morph;
			productName = Morph;
			productReference = 7FFFD3282AE2AEE30016C09D /* Morph.app */;
			productType = "com.apple.product-type.application";
		};
/* End PBXNativeTarget section */

/* Begin PBXProject section */
		7FFFD3202AE2AEE30016C09D /* Project object */ = {
			isa = PBXProject;
			attributes = {
				BuildIndependentTargetsInParallel = 1;
				LastSwiftUpdateCheck = 1500;
				LastUpgradeCheck = 1500;
				TargetAttributes = {
					7FFFD3272AE2AEE30016C09D = {
						CreatedOnToolsVersion = 15.0;
					};
				};
			};
			buildConfigurationList = 7FFFD3232AE2AEE30016C09D /* Build configuration list for PBXProject "Morph" */;
			compatibilityVersion = "Xcode 14.0";
			developmentRegion = en;
			hasScannedForEncodings = 0;
			knownRegions = (
				en,
				Base,
			);
			mainGroup = 7FFFD31F2AE2AEE30016C09D;
			productRefGroup = 7FFFD3292AE2AEE30016C09D /* Products */;
			projectDirPath = "";
			projectRoot = "";
			targets = (
				7FFFD3272AE2AEE30016C09D /* Morph */,
			);
		};
/* End PBXProject section */

/* Begin PBXResourcesBuildPhase section */
		7FFFD3262AE2AEE30016C09D /* Resources */ = {
			isa = PBXResourcesBuildPhase;
			buildActionMask = 2147483647;
			files = (
				7FFFD3342AE2AEE40016C09D /* Preview Assets.xcassets in Resources */,
				7FFFD3302AE2AEE40016C09D /* Assets.xcassets in Resources */,
			);
			runOnlyForDeploymentPostprocessing = 0;
		};
/* End PBXResourcesBuildPhase section */

/* Begin PBXSourcesBuildPhase section */
		7FFFD3242AE2AEE30016C09D /* Sources */ = {
			isa = PBXSourcesBuildPhase;
			buildActionMask = 2147483647;
			files = (
				7FDF6ED52AE2B9BD008204F0 /* Model.swift in Sources */,
				7F5597D92AE2D3E600797537 /* TabBarView.swift in Sources */,
				7FDF6ED22AE2B9BD008204F0 /* EditSoundView.swift in Sources */,
				7FDF6ED62AE2B9BD008204F0 /* MixingView.swift in Sources */,
				7F3EC4372AE867E70057FA2B /* EditMusicView.swift in Sources */,
				548DB7812AE9B55A001BB0FD /* RecordButtonAnimation.swift in Sources */,
				7FDF6ED42AE2B9BD008204F0 /* Data.swift in Sources */,
				7FDF6ED12AE2B9BD008204F0 /* ModalView.swift in Sources */,
				548C7E4A2AE80A4F001F4399 /* RecordingFunc.swift in Sources */,
				7FFFD32C2AE2AEE30016C09D /* MorphApp.swift in Sources */,
				7F5597DF2AE2D7DA00797537 /* LibraryView.swift in Sources */,
				7FDF6ED32AE2B9BD008204F0 /* PopUpBar.swift in Sources */,
				7F0F22872AED98940049EADD /* SettingsView.swift in Sources */,
			);
			runOnlyForDeploymentPostprocessing = 0;
		};
/* End PBXSourcesBuildPhase section */

/* Begin XCBuildConfiguration section */
		7FFFD3352AE2AEE40016C09D /* Debug */ = {
			isa = XCBuildConfiguration;
			buildSettings = {
				ALWAYS_SEARCH_USER_PATHS = NO;
				ASSETCATALOG_COMPILER_ALTERNATE_APPICON_NAMES = "Green Violet Pink Blue Red";
				ASSETCATALOG_COMPILER_GENERATE_SWIFT_ASSET_SYMBOL_EXTENSIONS = YES;
				ASSETCATALOG_COMPILER_INCLUDE_ALL_APPICON_ASSETS = YES;
				CLANG_ANALYZER_NONNULL = YES;
				CLANG_ANALYZER_NUMBER_OBJECT_CONVERSION = YES_AGGRESSIVE;
				CLANG_CXX_LANGUAGE_STANDARD = "gnu++20";
				CLANG_ENABLE_MODULES = YES;
				CLANG_ENABLE_OBJC_ARC = YES;
				CLANG_ENABLE_OBJC_WEAK = YES;
				CLANG_WARN_BLOCK_CAPTURE_AUTORELEASING = YES;
				CLANG_WARN_BOOL_CONVERSION = YES;
				CLANG_WARN_COMMA = YES;
				CLANG_WARN_CONSTANT_CONVERSION = YES;
				CLANG_WARN_DEPRECATED_OBJC_IMPLEMENTATIONS = YES;
				CLANG_WARN_DIRECT_OBJC_ISA_USAGE = YES_ERROR;
				CLANG_WARN_DOCUMENTATION_COMMENTS = YES;
				CLANG_WARN_EMPTY_BODY = YES;
				CLANG_WARN_ENUM_CONVERSION = YES;
				CLANG_WARN_INFINITE_RECURSION = YES;
				CLANG_WARN_INT_CONVERSION = YES;
				CLANG_WARN_NON_LITERAL_NULL_CONVERSION = YES;
				CLANG_WARN_OBJC_IMPLICIT_RETAIN_SELF = YES;
				CLANG_WARN_OBJC_LITERAL_CONVERSION = YES;
				CLANG_WARN_OBJC_ROOT_CLASS = YES_ERROR;
				CLANG_WARN_QUOTED_INCLUDE_IN_FRAMEWORK_HEADER = YES;
				CLANG_WARN_RANGE_LOOP_ANALYSIS = YES;
				CLANG_WARN_STRICT_PROTOTYPES = YES;
				CLANG_WARN_SUSPICIOUS_MOVE = YES;
				CLANG_WARN_UNGUARDED_AVAILABILITY = YES_AGGRESSIVE;
				CLANG_WARN_UNREACHABLE_CODE = YES;
				CLANG_WARN__DUPLICATE_METHOD_MATCH = YES;
				COPY_PHASE_STRIP = NO;
				DEBUG_INFORMATION_FORMAT = dwarf;
				ENABLE_STRICT_OBJC_MSGSEND = YES;
				ENABLE_TESTABILITY = YES;
				ENABLE_USER_SCRIPT_SANDBOXING = YES;
				GCC_C_LANGUAGE_STANDARD = gnu17;
				GCC_DYNAMIC_NO_PIC = NO;
				GCC_NO_COMMON_BLOCKS = YES;
				GCC_OPTIMIZATION_LEVEL = 0;
				GCC_PREPROCESSOR_DEFINITIONS = (
					"DEBUG=1",
					"$(inherited)",
				);
				GCC_WARN_64_TO_32_BIT_CONVERSION = YES;
				GCC_WARN_ABOUT_RETURN_TYPE = YES_ERROR;
				GCC_WARN_UNDECLARED_SELECTOR = YES;
				GCC_WARN_UNINITIALIZED_AUTOS = YES_AGGRESSIVE;
				GCC_WARN_UNUSED_FUNCTION = YES;
				GCC_WARN_UNUSED_VARIABLE = YES;
				LOCALIZATION_PREFERS_STRING_CATALOGS = YES;
				MTL_ENABLE_DEBUG_INFO = INCLUDE_SOURCE;
				MTL_FAST_MATH = YES;
				ONLY_ACTIVE_ARCH = YES;
				SWIFT_ACTIVE_COMPILATION_CONDITIONS = "DEBUG $(inherited)";
				SWIFT_OPTIMIZATION_LEVEL = "-Onone";
			};
			name = Debug;
		};
		7FFFD3362AE2AEE40016C09D /* Release */ = {
			isa = XCBuildConfiguration;
			buildSettings = {
				ALWAYS_SEARCH_USER_PATHS = NO;
				ASSETCATALOG_COMPILER_ALTERNATE_APPICON_NAMES = "Green Violet Pink Blue Red";
				ASSETCATALOG_COMPILER_GENERATE_SWIFT_ASSET_SYMBOL_EXTENSIONS = YES;
				ASSETCATALOG_COMPILER_INCLUDE_ALL_APPICON_ASSETS = YES;
				CLANG_ANALYZER_NONNULL = YES;
				CLANG_ANALYZER_NUMBER_OBJECT_CONVERSION = YES_AGGRESSIVE;
				CLANG_CXX_LANGUAGE_STANDARD = "gnu++20";
				CLANG_ENABLE_MODULES = YES;
				CLANG_ENABLE_OBJC_ARC = YES;
				CLANG_ENABLE_OBJC_WEAK = YES;
				CLANG_WARN_BLOCK_CAPTURE_AUTORELEASING = YES;
				CLANG_WARN_BOOL_CONVERSION = YES;
				CLANG_WARN_COMMA = YES;
				CLANG_WARN_CONSTANT_CONVERSION = YES;
				CLANG_WARN_DEPRECATED_OBJC_IMPLEMENTATIONS = YES;
				CLANG_WARN_DIRECT_OBJC_ISA_USAGE = YES_ERROR;
				CLANG_WARN_DOCUMENTATION_COMMENTS = YES;
				CLANG_WARN_EMPTY_BODY = YES;
				CLANG_WARN_ENUM_CONVERSION = YES;
				CLANG_WARN_INFINITE_RECURSION = YES;
				CLANG_WARN_INT_CONVERSION = YES;
				CLANG_WARN_NON_LITERAL_NULL_CONVERSION = YES;
				CLANG_WARN_OBJC_IMPLICIT_RETAIN_SELF = YES;
				CLANG_WARN_OBJC_LITERAL_CONVERSION = YES;
				CLANG_WARN_OBJC_ROOT_CLASS = YES_ERROR;
				CLANG_WARN_QUOTED_INCLUDE_IN_FRAMEWORK_HEADER = YES;
				CLANG_WARN_RANGE_LOOP_ANALYSIS = YES;
				CLANG_WARN_STRICT_PROTOTYPES = YES;
				CLANG_WARN_SUSPICIOUS_MOVE = YES;
				CLANG_WARN_UNGUARDED_AVAILABILITY = YES_AGGRESSIVE;
				CLANG_WARN_UNREACHABLE_CODE = YES;
				CLANG_WARN__DUPLICATE_METHOD_MATCH = YES;
				COPY_PHASE_STRIP = NO;
				DEBUG_INFORMATION_FORMAT = "dwarf-with-dsym";
				ENABLE_NS_ASSERTIONS = NO;
				ENABLE_STRICT_OBJC_MSGSEND = YES;
				ENABLE_USER_SCRIPT_SANDBOXING = YES;
				GCC_C_LANGUAGE_STANDARD = gnu17;
				GCC_NO_COMMON_BLOCKS = YES;
				GCC_WARN_64_TO_32_BIT_CONVERSION = YES;
				GCC_WARN_ABOUT_RETURN_TYPE = YES_ERROR;
				GCC_WARN_UNDECLARED_SELECTOR = YES;
				GCC_WARN_UNINITIALIZED_AUTOS = YES_AGGRESSIVE;
				GCC_WARN_UNUSED_FUNCTION = YES;
				GCC_WARN_UNUSED_VARIABLE = YES;
				LOCALIZATION_PREFERS_STRING_CATALOGS = YES;
				MTL_ENABLE_DEBUG_INFO = NO;
				MTL_FAST_MATH = YES;
				SWIFT_COMPILATION_MODE = wholemodule;
			};
			name = Release;
		};
		7FFFD3382AE2AEE40016C09D /* Debug */ = {
			isa = XCBuildConfiguration;
			buildSettings = {
				ASSETCATALOG_COMPILER_ALTERNATE_APPICON_NAMES = "AppIcon Blue Violet Pink Red";
				ASSETCATALOG_COMPILER_APPICON_NAME = AppIcon;
				ASSETCATALOG_COMPILER_GLOBAL_ACCENT_COLOR_NAME = AccentColor;
				ASSETCATALOG_COMPILER_INCLUDE_ALL_APPICON_ASSETS = YES;
				CODE_SIGN_ENTITLEMENTS = Morph/Morph.entitlements;
				CODE_SIGN_STYLE = Automatic;
				CURRENT_PROJECT_VERSION = 1;
				DEVELOPMENT_ASSET_PATHS = "\"Morph/Preview Content\"";
				DEVELOPMENT_TEAM = S3D9AY3C6C;
				ENABLE_HARDENED_RUNTIME = YES;
				ENABLE_PREVIEWS = YES;
				GENERATE_INFOPLIST_FILE = YES;
				INFOPLIST_KEY_NSMicrophoneUsageDescription = record;
				"INFOPLIST_KEY_UIApplicationSceneManifest_Generation[sdk=iphoneos*]" = YES;
				"INFOPLIST_KEY_UIApplicationSceneManifest_Generation[sdk=iphonesimulator*]" = YES;
				"INFOPLIST_KEY_UIApplicationSupportsIndirectInputEvents[sdk=iphoneos*]" = YES;
				"INFOPLIST_KEY_UIApplicationSupportsIndirectInputEvents[sdk=iphonesimulator*]" = YES;
				"INFOPLIST_KEY_UILaunchScreen_Generation[sdk=iphoneos*]" = YES;
				"INFOPLIST_KEY_UILaunchScreen_Generation[sdk=iphonesimulator*]" = YES;
				"INFOPLIST_KEY_UIStatusBarStyle[sdk=iphoneos*]" = UIStatusBarStyleDefault;
				"INFOPLIST_KEY_UIStatusBarStyle[sdk=iphonesimulator*]" = UIStatusBarStyleDefault;
				INFOPLIST_KEY_UISupportedInterfaceOrientations_iPad = "UIInterfaceOrientationPortrait UIInterfaceOrientationPortraitUpsideDown UIInterfaceOrientationLandscapeLeft UIInterfaceOrientationLandscapeRight";
				IPHONEOS_DEPLOYMENT_TARGET = 17.0;
				LD_RUNPATH_SEARCH_PATHS = "@executable_path/Frameworks";
				"LD_RUNPATH_SEARCH_PATHS[sdk=macosx*]" = "@executable_path/../Frameworks";
				MACOSX_DEPLOYMENT_TARGET = 14.0;
				MARKETING_VERSION = 1.0;
				PRODUCT_BUNDLE_IDENTIFIER = giorgiocaiazzo.Morphh;
				PRODUCT_NAME = "$(TARGET_NAME)";
				SDKROOT = auto;
				SUPPORTED_PLATFORMS = "iphoneos iphonesimulator macosx";
				SWIFT_EMIT_LOC_STRINGS = YES;
				SWIFT_VERSION = 5.0;
				TARGETED_DEVICE_FAMILY = "1,2";
			};
			name = Debug;
		};
		7FFFD3392AE2AEE40016C09D /* Release */ = {
			isa = XCBuildConfiguration;
			buildSettings = {
				ASSETCATALOG_COMPILER_ALTERNATE_APPICON_NAMES = "AppIcon Blue Violet Pink Red";
				ASSETCATALOG_COMPILER_APPICON_NAME = AppIcon;
				ASSETCATALOG_COMPILER_GLOBAL_ACCENT_COLOR_NAME = AccentColor;
				ASSETCATALOG_COMPILER_INCLUDE_ALL_APPICON_ASSETS = YES;
				CODE_SIGN_ENTITLEMENTS = Morph/Morph.entitlements;
				CODE_SIGN_STYLE = Automatic;
				CURRENT_PROJECT_VERSION = 1;
				DEVELOPMENT_ASSET_PATHS = "\"Morph/Preview Content\"";
				DEVELOPMENT_TEAM = S3D9AY3C6C;
				ENABLE_HARDENED_RUNTIME = YES;
				ENABLE_PREVIEWS = YES;
				GENERATE_INFOPLIST_FILE = YES;
				INFOPLIST_KEY_NSMicrophoneUsageDescription = record;
				"INFOPLIST_KEY_UIApplicationSceneManifest_Generation[sdk=iphoneos*]" = YES;
				"INFOPLIST_KEY_UIApplicationSceneManifest_Generation[sdk=iphonesimulator*]" = YES;
				"INFOPLIST_KEY_UIApplicationSupportsIndirectInputEvents[sdk=iphoneos*]" = YES;
				"INFOPLIST_KEY_UIApplicationSupportsIndirectInputEvents[sdk=iphonesimulator*]" = YES;
				"INFOPLIST_KEY_UILaunchScreen_Generation[sdk=iphoneos*]" = YES;
				"INFOPLIST_KEY_UILaunchScreen_Generation[sdk=iphonesimulator*]" = YES;
				"INFOPLIST_KEY_UIStatusBarStyle[sdk=iphoneos*]" = UIStatusBarStyleDefault;
				"INFOPLIST_KEY_UIStatusBarStyle[sdk=iphonesimulator*]" = UIStatusBarStyleDefault;
				INFOPLIST_KEY_UISupportedInterfaceOrientations_iPad = "UIInterfaceOrientationPortrait UIInterfaceOrientationPortraitUpsideDown UIInterfaceOrientationLandscapeLeft UIInterfaceOrientationLandscapeRight";
				IPHONEOS_DEPLOYMENT_TARGET = 17.0;
				LD_RUNPATH_SEARCH_PATHS = "@executable_path/Frameworks";
				"LD_RUNPATH_SEARCH_PATHS[sdk=macosx*]" = "@executable_path/../Frameworks";
				MACOSX_DEPLOYMENT_TARGET = 14.0;
				MARKETING_VERSION = 1.0;
				PRODUCT_BUNDLE_IDENTIFIER = giorgiocaiazzo.Morphh;
				PRODUCT_NAME = "$(TARGET_NAME)";
				SDKROOT = auto;
				SUPPORTED_PLATFORMS = "iphoneos iphonesimulator macosx";
				SWIFT_EMIT_LOC_STRINGS = YES;
				SWIFT_VERSION = 5.0;
				TARGETED_DEVICE_FAMILY = "1,2";
			};
			name = Release;
		};
/* End XCBuildConfiguration section */

/* Begin XCConfigurationList section */
		7FFFD3232AE2AEE30016C09D /* Build configuration list for PBXProject "Morph" */ = {
			isa = XCConfigurationList;
			buildConfigurations = (
				7FFFD3352AE2AEE40016C09D /* Debug */,
				7FFFD3362AE2AEE40016C09D /* Release */,
			);
			defaultConfigurationIsVisible = 0;
			defaultConfigurationName = Release;
		};
		7FFFD3372AE2AEE40016C09D /* Build configuration list for PBXNativeTarget "Morph" */ = {
			isa = XCConfigurationList;
			buildConfigurations = (
				7FFFD3382AE2AEE40016C09D /* Debug */,
				7FFFD3392AE2AEE40016C09D /* Release */,
			);
			defaultConfigurationIsVisible = 0;
			defaultConfigurationName = Release;
		};
/* End XCConfigurationList section */
	};
	rootObject = 7FFFD3202AE2AEE30016C09D /* Project object */;
}
